
Microsoft Visual Studio Solution File, Format Version 11.00
# Visual Studio 2010
Project("{2857B73E-F847-4B02-9238-064979017E93}") = "NN_Shallow", "NN_Shallow.cproj", "{E209EC9A-73E9-402E-983C-3E2488A846BB}"
EndProject
Global
	GlobalSection(SolutionConfigurationPlatforms) = preSolution
		Debug|Any CPU = Debug|Any CPU
		Release|Any CPU = Release|Any CPU
	EndGlobalSection
	GlobalSection(ProjectConfigurationPlatforms) = postSolution
		{E209EC9A-73E9-402E-983C-3E2488A846BB}.Debug|Any CPU.ActiveCfg = Debug|Any CPU
		{E209EC9A-73E9-402E-983C-3E2488A846BB}.Debug|Any CPU.Build.0 = Debug|Any CPU
		{E209EC9A-73E9-402E-983C-3E2488A846BB}.Release|Any CPU.ActiveCfg = Release|Any CPU
		{E209EC9A-73E9-402E-983C-3E2488A846BB}.Release|Any CPU.Build.0 = Release|Any CPU
	EndGlobalSection
EndGlobal
